<?xml version="1.0" encoding="utf-8"?>
<Project ToolsVersion="4.0" xmlns="http://schemas.microsoft.com/developer/msbuild/2003">
  <ItemGroup>
    <Filter Include="Source Files">
      <UniqueIdentifier>{4FC737F1-C7A5-4376-A066-2A32D752A2FF}</UniqueIdentifier>
      <Extensions>cpp;c;cc;cxx;c++;cppm;ixx;def;odl;idl;hpj;bat;asm;asmx</Extensions>
    </Filter>
    <Filter Include="Header Files">
      <UniqueIdentifier>{93995380-89BD-4b04-88EB-625FBE52EBFB}</UniqueIdentifier>
      <Extensions>h;hh;hpp;hxx;h++;hm;inl;inc;ipp;xsd</Extensions>
    </Filter>
    <Filter Include="Resource Files">
      <UniqueIdentifier>{67DA6AB6-F800-4c08-8B7A-83BB121AAD01}</UniqueIdentifier>
      <Extensions>rc;ico;cur;bmp;dlg;rc2;rct;bin;rgs;gif;jpg;jpeg;jpe;resx;tiff;tif;png;wav;mfcribbon-ms</Extensions>
    </Filter>
    <Filter Include="Source Files\Implementations">
      <UniqueIdentifier>{56ac8fa1-2086-4654-9c0b-bbf925a56dd0}</UniqueIdentifier>
    </Filter>
    <Filter Include="Source Files\Implementations\Standard">
      <UniqueIdentifier>{a9f201ed-a7a8-4423-80f8-0196fc704172}</UniqueIdentifier>
    </Filter>
  </ItemGroup>
  <ItemGroup>
    <ClInclude Include="src\watap.h">
      <Filter>Source Files</Filter>
    </ClInclude>
    <ClInclude Include="src\watap_bin.h">
      <Filter>Source Files</Filter>
    </ClInclude>
    <ClInclude Include="src\watap_def.h">
      <Filter>Source Files</Filter>
    </ClInclude>
    <ClInclude Include="src\watap_interface.h">
      <Filter>Source Files</Filter>
    </ClInclude>
    <ClInclude Include="src\watap_utils.h">
      <Filter>Source Files</Filter>
    </ClInclude>
    <ClInclude Include="src\impl\standard\watap_impl_standard.h">
      <Filter>Source Files\Implementations\Standard</Filter>
    </ClInclude>
    <ClInclude Include="src\impl\standard\watap_impl_standard_def.h">
      <Filter>Source Files\Implementations\Standard</Filter>
    </ClInclude>
    <ClInclude Include="src\impl\standard\watap_impl_standard_interface.h">
      <Filter>Source Files\Implementations\Standard</Filter>
    </ClInclude>
  </ItemGroup>
  <ItemGroup>
    <ClCompile Include="src\watap_main.cpp">
      <Filter>Source Files</Filter>
    </ClCompile>
    <ClCompile Include="src\impl\standard\watap_impl_standard.cpp">
      <Filter>Source Files\Implementations\Standard</Filter>
    </ClCompile>
    <ClCompile Include="src\impl\standard\watap_impl_standard_module_source.cpp">
      <Filter>Source Files\Implementations\Standard</Filter>
    </ClCompile>
  </ItemGroup>
</Project>